
Microsoft Visual Studio Solution File, Format Version 12.00
# Visual Studio 15
VisualStudioVersion = 15.0.27703.2035
MinimumVisualStudioVersion = 10.0.40219.1
Project("{FAE04EC0-301F-11D3-BF4B-00C04F79EFBC}") = "AM Bot", "AM Bot\AM Bot.csproj", "{B497C0C4-40C4-4F25-ABB2-8CE6537BD1D2}"
EndProject
Global
	GlobalSection(SolutionConfigurationPlatforms) = preSolution
		Debug|Any CPU = Debug|Any CPU
		Release|Any CPU = Release|Any CPU
	EndGlobalSection
	GlobalSection(ProjectConfigurationPlatforms) = postSolution
		{B497C0C4-40C4-4F25-ABB2-8CE6537BD1D2}.Debug|Any CPU.ActiveCfg = Debug|Any CPU
		{B497C0C4-40C4-4F25-ABB2-8CE6537BD1D2}.Debug|Any CPU.Build.0 = Debug|Any CPU
		{B497C0C4-40C4-4F25-ABB2-8CE6537BD1D2}.Release|Any CPU.ActiveCfg = Release|Any CPU
		{B497C0C4-40C4-4F25-ABB2-8CE6537BD1D2}.Release|Any CPU.Build.0 = Release|Any CPU
	EndGlobalSection
	GlobalSection(SolutionProperties) = preSolution
		HideSolutionNode = FALSE
	EndGlobalSection
	GlobalSection(ExtensibilityGlobals) = postSolution
		SolutionGuid = {DA4A8F31-4940-48DB-8D04-23D9FF54B239}
	EndGlobalSection
EndGlobal
